
Microsoft Visual Studio Solution File, Format Version 12.00
# Visual Studio Version 16
VisualStudioVersion = 16.0.31321.278
MinimumVisualStudioVersion = 10.0.40219.1
Project("{FAE04EC0-301F-11D3-BF4B-00C04F79EFBC}") = "ArtPlatform", "ArtPlatform.csproj", "{C625A2CE-B984-47B6-9D2C-AE554F79292C}"
EndProject
Global
	GlobalSection(SolutionConfigurationPlatforms) = preSolution
		Debug|Any CPU = Debug|Any CPU
		Release|Any CPU = Release|Any CPU
	EndGlobalSection
	GlobalSection(ProjectConfigurationPlatforms) = postSolution
		{C625A2CE-B984-47B6-9D2C-AE554F79292C}.Debug|Any CPU.ActiveCfg = Debug|Any CPU
		{C625A2CE-B984-47B6-9D2C-AE554F79292C}.Debug|Any CPU.Build.0 = Debug|Any CPU
		{C625A2CE-B984-47B6-9D2C-AE554F79292C}.Release|Any CPU.ActiveCfg = Release|Any CPU
		{C625A2CE-B984-47B6-9D2C-AE554F79292C}.Release|Any CPU.Build.0 = Release|Any CPU
	EndGlobalSection
	GlobalSection(SolutionProperties) = preSolution
		HideSolutionNode = FALSE
	EndGlobalSection
	GlobalSection(ExtensibilityGlobals) = postSolution
		SolutionGuid = {56D0E7A9-FC38-42EE-95E4-7155A022E912}
	EndGlobalSection
EndGlobal
